
Microsoft Visual Studio Solution File, Format Version 12.00
# Visual Studio Version 17
VisualStudioVersion = 17.1.31903.286
MinimumVisualStudioVersion = 10.0.40219.1
Project("{FAE04EC0-301F-11D3-BF4B-00C04F79EFBC}") = "Afiyet.Api", "Afiyet.Api\Afiyet.Api.csproj", "{A6506B3C-E4E6-48A3-89AD-6F1684B5FDBE}"
EndProject
Project("{FAE04EC0-301F-11D3-BF4B-00C04F79EFBC}") = "Afiyet.Data", "Afiyet.Data\Afiyet.Data.csproj", "{C0D54FA0-148D-4115-8053-ABF0F0012F14}"
EndProject
Project("{FAE04EC0-301F-11D3-BF4B-00C04F79EFBC}") = "Afiyet.Domain", "Afiyet.Domain\Afiyet.Domain.csproj", "{A306A262-ADC3-4A31-AA31-C6610F4881C1}"
EndProject
Project("{FAE04EC0-301F-11D3-BF4B-00C04F79EFBC}") = "Afiyet.Service", "Afiyet.Service\Afiyet.Service.csproj", "{5DB125EE-2B31-4D28-A5A8-59F21F6B09E1}"
EndProject
Global
	GlobalSection(SolutionConfigurationPlatforms) = preSolution
		Debug|Any CPU = Debug|Any CPU
		Release|Any CPU = Release|Any CPU
	EndGlobalSection
	GlobalSection(ProjectConfigurationPlatforms) = postSolution
		{A6506B3C-E4E6-48A3-89AD-6F1684B5FDBE}.Debug|Any CPU.ActiveCfg = Debug|Any CPU
		{A6506B3C-E4E6-48A3-89AD-6F1684B5FDBE}.Debug|Any CPU.Build.0 = Debug|Any CPU
		{A6506B3C-E4E6-48A3-89AD-6F1684B5FDBE}.Release|Any CPU.ActiveCfg = Release|Any CPU
		{A6506B3C-E4E6-48A3-89AD-6F1684B5FDBE}.Release|Any CPU.Build.0 = Release|Any CPU
		{C0D54FA0-148D-4115-8053-ABF0F0012F14}.Debug|Any CPU.ActiveCfg = Debug|Any CPU
		{C0D54FA0-148D-4115-8053-ABF0F0012F14}.Debug|Any CPU.Build.0 = Debug|Any CPU
		{C0D54FA0-148D-4115-8053-ABF0F0012F14}.Release|Any CPU.ActiveCfg = Release|Any CPU
		{C0D54FA0-148D-4115-8053-ABF0F0012F14}.Release|Any CPU.Build.0 = Release|Any CPU
		{A306A262-ADC3-4A31-AA31-C6610F4881C1}.Debug|Any CPU.ActiveCfg = Debug|Any CPU
		{A306A262-ADC3-4A31-AA31-C6610F4881C1}.Debug|Any CPU.Build.0 = Debug|Any CPU
		{A306A262-ADC3-4A31-AA31-C6610F4881C1}.Release|Any CPU.ActiveCfg = Release|Any CPU
		{A306A262-ADC3-4A31-AA31-C6610F4881C1}.Release|Any CPU.Build.0 = Release|Any CPU
		{5DB125EE-2B31-4D28-A5A8-59F21F6B09E1}.Debug|Any CPU.ActiveCfg = Debug|Any CPU
		{5DB125EE-2B31-4D28-A5A8-59F21F6B09E1}.Debug|Any CPU.Build.0 = Debug|Any CPU
		{5DB125EE-2B31-4D28-A5A8-59F21F6B09E1}.Release|Any CPU.ActiveCfg = Release|Any CPU
		{5DB125EE-2B31-4D28-A5A8-59F21F6B09E1}.Release|Any CPU.Build.0 = Release|Any CPU
	EndGlobalSection
	GlobalSection(SolutionProperties) = preSolution
		HideSolutionNode = FALSE
	EndGlobalSection
	GlobalSection(ExtensibilityGlobals) = postSolution
		SolutionGuid = {E2B26FC0-B559-4948-9A22-0FC65BBB781E}
	EndGlobalSection
EndGlobal
